
Microsoft Visual Studio Solution File, Format Version 12.00
# Visual Studio Version 17
VisualStudioVersion = 17.0.31903.59
MinimumVisualStudioVersion = 10.0.40219.1
Project("{9A19103F-16F7-4668-BE54-9A1E7A4F7556}") = "API", "API\API.csproj", "{82CE0117-261E-4E83-826F-CC0A85892E17}"
EndProject
Project("{9A19103F-16F7-4668-BE54-9A1E7A4F7556}") = "Business", "Business\Business.csproj", "{18FCA78C-5679-4BEE-AEAC-D11AE3D6DC92}"
EndProject
Project("{9A19103F-16F7-4668-BE54-9A1E7A4F7556}") = "Core", "Core\Core.csproj", "{9A3F3145-302D-40E6-A8E6-F2891BA97476}"
EndProject

Global
	GlobalSection(SolutionConfigurationPlatforms) = preSolution
		Debug|Any CPU = Debug|Any CPU
		Release|Any CPU = Release|Any CPU
	EndGlobalSection
	GlobalSection(ProjectConfigurationPlatforms) = postSolution
		{82CE0117-261E-4E83-826F-CC0A85892E17}.Debug|Any CPU.ActiveCfg = Debug|Any CPU
		{82CE0117-261E-4E83-826F-CC0A85892E17}.Debug|Any CPU.Build.0 = Debug|Any CPU
		{82CE0117-261E-4E83-826F-CC0A85892E17}.Release|Any CPU.ActiveCfg = Release|Any CPU
		{82CE0117-261E-4E83-826F-CC0A85892E17}.Release|Any CPU.Build.0 = Release|Any CPU
		{18FCA78C-5679-4BEE-AEAC-D11AE3D6DC92}.Debug|Any CPU.ActiveCfg = Debug|Any CPU
		{18FCA78C-5679-4BEE-AEAC-D11AE3D6DC92}.Debug|Any CPU.Build.0 = Debug|Any CPU
		{18FCA78C-5679-4BEE-AEAC-D11AE3D6DC92}.Release|Any CPU.ActiveCfg = Release|Any CPU
		{18FCA78C-5679-4BEE-AEAC-D11AE3D6DC92}.Release|Any CPU.Build.0 = Release|Any CPU
		{9A3F3145-302D-40E6-A8E6-F2891BA97476}.Debug|Any CPU.ActiveCfg = Debug|Any CPU
		{9A3F3145-302D-40E6-A8E6-F2891BA97476}.Debug|Any CPU.Build.0 = Debug|Any CPU
		{9A3F3145-302D-40E6-A8E6-F2891BA97476}.Release|Any CPU.ActiveCfg = Release|Any CPU
		{9A3F3145-302D-40E6-A8E6-F2891BA97476}.Release|Any CPU.Build.0 = Release|Any CPU
		{88CFAEFA-E4E7-4C15-8F95-6597F7812FE0}.Debug|Any CPU.ActiveCfg = Debug|Any CPU
		{88CFAEFA-E4E7-4C15-8F95-6597F7812FE0}.Debug|Any CPU.Build.0 = Debug|Any CPU
		{88CFAEFA-E4E7-4C15-8F95-6597F7812FE0}.Release|Any CPU.ActiveCfg = Debug|Any CPU
		{88CFAEFA-E4E7-4C15-8F95-6597F7812FE0}.Release|Any CPU.Build.0 = Debug|Any CPU
	EndGlobalSection
	GlobalSection(SolutionProperties) = preSolution
		HideSolutionNode = FALSE
	EndGlobalSection
	GlobalSection(ExtensibilityGlobals) = postSolution
		SolutionGuid = {21E1F3B6-5913-4504-965D-45BFB6997DD3}
	EndGlobalSection
EndGlobal
